
Microsoft Visual Studio Solution File, Format Version 10.00
# Visual Studio 2008
Project("{8BC9CEB8-8B4A-11D0-8D11-00A0C91BC942}") = "plgvplthogg", "..\plgvplthogg\plgvplthogg.vcproj", "{06FED960-25A3-43D2-8E66-F0A119AB9BA2}"
EndProject
Project("{8BC9CEB8-8B4A-11D0-8D11-00A0C91BC942}") = "plgvplloader", "..\plgvplloader\plgvplloader.vcproj", "{7DB5FF7B-A772-4A47-859E-6C43A6D72F1A}"
EndProject
Project("{8BC9CEB8-8B4A-11D0-8D11-00A0C91BC942}") = "appvideotest", "..\appvid\appvidplay.vcproj", "{C97E6B3D-2862-40E8-A94B-714E91CE09CA}"
EndProject
Project("{8BC9CEB8-8B4A-11D0-8D11-00A0C91BC942}") = "plgvplplayer", "..\plgvplplayer\plgvplplayer.vcproj", "{5F3F8415-04E4-4DE5-A622-5A18571D6A48}"
EndProject
Project("{8BC9CEB8-8B4A-11D0-8D11-00A0C91BC942}") = "plgvplparser", "..\plgvplparser\plgvplparser.vcproj", "{E7377DA9-5852-4C0A-873D-F1B7A0F6E37C}"
EndProject
Global
	GlobalSection(SubversionScc) = preSolution
		Svn-Managed = True
		Manager = AnkhSVN - Subversion Support for Visual Studio
	EndGlobalSection
	GlobalSection(SolutionConfigurationPlatforms) = preSolution
		Debug|Win32 = Debug|Win32
		Release|Win32 = Release|Win32
	EndGlobalSection
	GlobalSection(ProjectConfigurationPlatforms) = postSolution
		{06FED960-25A3-43D2-8E66-F0A119AB9BA2}.Debug|Win32.ActiveCfg = Debug|Win32
		{06FED960-25A3-43D2-8E66-F0A119AB9BA2}.Debug|Win32.Build.0 = Debug|Win32
		{06FED960-25A3-43D2-8E66-F0A119AB9BA2}.Release|Win32.ActiveCfg = Release|Win32
		{06FED960-25A3-43D2-8E66-F0A119AB9BA2}.Release|Win32.Build.0 = Release|Win32
		{7DB5FF7B-A772-4A47-859E-6C43A6D72F1A}.Debug|Win32.ActiveCfg = Debug|Win32
		{7DB5FF7B-A772-4A47-859E-6C43A6D72F1A}.Debug|Win32.Build.0 = Debug|Win32
		{7DB5FF7B-A772-4A47-859E-6C43A6D72F1A}.Release|Win32.ActiveCfg = Release|Win32
		{7DB5FF7B-A772-4A47-859E-6C43A6D72F1A}.Release|Win32.Build.0 = Release|Win32
		{C97E6B3D-2862-40E8-A94B-714E91CE09CA}.Debug|Win32.ActiveCfg = Debug|Win32
		{C97E6B3D-2862-40E8-A94B-714E91CE09CA}.Debug|Win32.Build.0 = Debug|Win32
		{C97E6B3D-2862-40E8-A94B-714E91CE09CA}.Release|Win32.ActiveCfg = Release|Win32
		{C97E6B3D-2862-40E8-A94B-714E91CE09CA}.Release|Win32.Build.0 = Release|Win32
		{5F3F8415-04E4-4DE5-A622-5A18571D6A48}.Debug|Win32.ActiveCfg = Debug|Win32
		{5F3F8415-04E4-4DE5-A622-5A18571D6A48}.Debug|Win32.Build.0 = Debug|Win32
		{5F3F8415-04E4-4DE5-A622-5A18571D6A48}.Release|Win32.ActiveCfg = Release|Win32
		{5F3F8415-04E4-4DE5-A622-5A18571D6A48}.Release|Win32.Build.0 = Release|Win32
		{E7377DA9-5852-4C0A-873D-F1B7A0F6E37C}.Debug|Win32.ActiveCfg = Debug|Win32
		{E7377DA9-5852-4C0A-873D-F1B7A0F6E37C}.Debug|Win32.Build.0 = Debug|Win32
		{E7377DA9-5852-4C0A-873D-F1B7A0F6E37C}.Release|Win32.ActiveCfg = Release|Win32
		{E7377DA9-5852-4C0A-873D-F1B7A0F6E37C}.Release|Win32.Build.0 = Release|Win32
	EndGlobalSection
	GlobalSection(SolutionProperties) = preSolution
		HideSolutionNode = FALSE
	EndGlobalSection
EndGlobal
